// !$*UTF8*$!
{
	archiveVersion = 1;
	classes = {
	};
	objectVersion = 56;
	objects = {

/* Begin PBXBuildFile section */
		E240945D2A8122B900990B3D /* stack.hpp in Headers */ = {isa = PBXBuildFile; fileRef = E240945B2A8122B900990B3D /* stack.hpp */; };
		E251D5052A82F3F700BD8553 /* avl_tree.hpp in Headers */ = {isa = PBXBuildFile; fileRef = E251D5032A82F3F700BD8553 /* avl_tree.hpp */; };
		E25DC50B2AA544790092CC6F /* NumberNode.cpp in Sources */ = {isa = PBXBuildFile; fileRef = E25DC5092AA544790092CC6F /* NumberNode.cpp */; };
		E25DC50C2AA544790092CC6F /* NumberNode.cpp in Sources */ = {isa = PBXBuildFile; fileRef = E25DC5092AA544790092CC6F /* NumberNode.cpp */; };
		E25DC50D2AA544790092CC6F /* NumberNode.hpp in Headers */ = {isa = PBXBuildFile; fileRef = E25DC50A2AA544790092CC6F /* NumberNode.hpp */; };
		E25DC5102AA5449A0092CC6F /* TestStack.cpp in Sources */ = {isa = PBXBuildFile; fileRef = E25DC50E2AA5449A0092CC6F /* TestStack.cpp */; };
		E25DC5112AA5449A0092CC6F /* TestStack.cpp in Sources */ = {isa = PBXBuildFile; fileRef = E25DC50E2AA5449A0092CC6F /* TestStack.cpp */; };
		E25DC5122AA5449A0092CC6F /* TestStack.hpp in Headers */ = {isa = PBXBuildFile; fileRef = E25DC50F2AA5449A0092CC6F /* TestStack.hpp */; };
		E25DC5152AA544AE0092CC6F /* TestQueue.cpp in Sources */ = {isa = PBXBuildFile; fileRef = E25DC5132AA544AE0092CC6F /* TestQueue.cpp */; };
		E25DC5162AA544AE0092CC6F /* TestQueue.cpp in Sources */ = {isa = PBXBuildFile; fileRef = E25DC5132AA544AE0092CC6F /* TestQueue.cpp */; };
		E25DC5172AA544AE0092CC6F /* TestQueue.hpp in Headers */ = {isa = PBXBuildFile; fileRef = E25DC5142AA544AE0092CC6F /* TestQueue.hpp */; };
		E25DC51A2AA544C00092CC6F /* TestList.cpp in Sources */ = {isa = PBXBuildFile; fileRef = E25DC5182AA544C00092CC6F /* TestList.cpp */; };
		E25DC51B2AA544C00092CC6F /* TestList.cpp in Sources */ = {isa = PBXBuildFile; fileRef = E25DC5182AA544C00092CC6F /* TestList.cpp */; };
		E25DC51C2AA544C00092CC6F /* TestList.hpp in Headers */ = {isa = PBXBuildFile; fileRef = E25DC5192AA544C00092CC6F /* TestList.hpp */; };
		E25DC51F2AA544D10092CC6F /* TestHeap.cpp in Sources */ = {isa = PBXBuildFile; fileRef = E25DC51D2AA544D10092CC6F /* TestHeap.cpp */; };
		E25DC5202AA544D10092CC6F /* TestHeap.cpp in Sources */ = {isa = PBXBuildFile; fileRef = E25DC51D2AA544D10092CC6F /* TestHeap.cpp */; };
		E25DC5212AA544D10092CC6F /* TestHeap.hpp in Headers */ = {isa = PBXBuildFile; fileRef = E25DC51E2AA544D10092CC6F /* TestHeap.hpp */; };
		E25DC5242AA544E30092CC6F /* TestAVLTree.cpp in Sources */ = {isa = PBXBuildFile; fileRef = E25DC5222AA544E30092CC6F /* TestAVLTree.cpp */; };
		E25DC5252AA544E30092CC6F /* TestAVLTree.cpp in Sources */ = {isa = PBXBuildFile; fileRef = E25DC5222AA544E30092CC6F /* TestAVLTree.cpp */; };
		E25DC5262AA544E30092CC6F /* TestAVLTree.hpp in Headers */ = {isa = PBXBuildFile; fileRef = E25DC5232AA544E30092CC6F /* TestAVLTree.hpp */; };
		E292FD032A9D4C27004CD38E /* heap.hpp in Headers */ = {isa = PBXBuildFile; fileRef = E292FD012A9D4C27004CD38E /* heap.hpp */; };
		E2C9036A2A83E60700412C32 /* main.cpp in Sources */ = {isa = PBXBuildFile; fileRef = E24094642A8122F200990B3D /* main.cpp */; };
		E2C9036B2A83E79C00412C32 /* main.cpp in Sources */ = {isa = PBXBuildFile; fileRef = E24094642A8122F200990B3D /* main.cpp */; };
		E2C9036E2A83E7B400412C32 /* libdatastructures_cpp.a in Frameworks */ = {isa = PBXBuildFile; fileRef = E24094532A81227100990B3D /* libdatastructures_cpp.a */; };
/* End PBXBuildFile section */

/* Begin PBXContainerItemProxy section */
		E2C9036C2A83E7A800412C32 /* PBXContainerItemProxy */ = {
			isa = PBXContainerItemProxy;
			containerPortal = E240944B2A81227100990B3D /* Project object */;
			proxyType = 1;
			remoteGlobalIDString = E24094522A81227100990B3D;
			remoteInfo = datastructures_cpp;
		};
/* End PBXContainerItemProxy section */

/* Begin PBXCopyFilesBuildPhase section */
		E24094602A8122F200990B3D /* CopyFiles */ = {
			isa = PBXCopyFilesBuildPhase;
			buildActionMask = 2147483647;
			dstPath = /usr/share/man/man1/;
			dstSubfolderSpec = 0;
			files = (
			);
			runOnlyForDeploymentPostprocessing = 1;
		};
/* End PBXCopyFilesBuildPhase section */

/* Begin PBXFileReference section */
		E24094532A81227100990B3D /* libdatastructures_cpp.a */ = {isa = PBXFileReference; explicitFileType = archive.ar; includeInIndex = 0; path = libdatastructures_cpp.a; sourceTree = BUILT_PRODUCTS_DIR; };
		E240945B2A8122B900990B3D /* stack.hpp */ = {isa = PBXFileReference; lastKnownFileType = sourcecode.cpp.h; path = stack.hpp; sourceTree = "<group>"; };
		E24094622A8122F200990B3D /* test_datastructures */ = {isa = PBXFileReference; explicitFileType = "compiled.mach-o.executable"; includeInIndex = 0; path = test_datastructures; sourceTree = BUILT_PRODUCTS_DIR; };
		E24094642A8122F200990B3D /* main.cpp */ = {isa = PBXFileReference; lastKnownFileType = sourcecode.cpp.cpp; path = main.cpp; sourceTree = "<group>"; };
		E240946F2A814DDC00990B3D /* queue.hpp */ = {isa = PBXFileReference; lastKnownFileType = sourcecode.cpp.h; path = queue.hpp; sourceTree = "<group>"; };
		E24094702A814DEA00990B3D /* list.hpp */ = {isa = PBXFileReference; lastKnownFileType = sourcecode.cpp.h; path = list.hpp; sourceTree = "<group>"; };
		E24094792A81552D00990B3D /* datastructures.hpp */ = {isa = PBXFileReference; lastKnownFileType = sourcecode.cpp.h; path = datastructures.hpp; sourceTree = "<group>"; };
		E251D5032A82F3F700BD8553 /* avl_tree.hpp */ = {isa = PBXFileReference; lastKnownFileType = sourcecode.cpp.h; path = avl_tree.hpp; sourceTree = "<group>"; };
		E25DC5092AA544790092CC6F /* NumberNode.cpp */ = {isa = PBXFileReference; lastKnownFileType = sourcecode.cpp.cpp; path = NumberNode.cpp; sourceTree = "<group>"; };
		E25DC50A2AA544790092CC6F /* NumberNode.hpp */ = {isa = PBXFileReference; lastKnownFileType = sourcecode.cpp.h; path = NumberNode.hpp; sourceTree = "<group>"; };
		E25DC50E2AA5449A0092CC6F /* TestStack.cpp */ = {isa = PBXFileReference; lastKnownFileType = sourcecode.cpp.cpp; path = TestStack.cpp; sourceTree = "<group>"; };
		E25DC50F2AA5449A0092CC6F /* TestStack.hpp */ = {isa = PBXFileReference; lastKnownFileType = sourcecode.cpp.h; path = TestStack.hpp; sourceTree = "<group>"; };
		E25DC5132AA544AE0092CC6F /* TestQueue.cpp */ = {isa = PBXFileReference; lastKnownFileType = sourcecode.cpp.cpp; path = TestQueue.cpp; sourceTree = "<group>"; };
		E25DC5142AA544AE0092CC6F /* TestQueue.hpp */ = {isa = PBXFileReference; lastKnownFileType = sourcecode.cpp.h; path = TestQueue.hpp; sourceTree = "<group>"; };
		E25DC5182AA544C00092CC6F /* TestList.cpp */ = {isa = PBXFileReference; lastKnownFileType = sourcecode.cpp.cpp; path = TestList.cpp; sourceTree = "<group>"; };
		E25DC5192AA544C00092CC6F /* TestList.hpp */ = {isa = PBXFileReference; lastKnownFileType = sourcecode.cpp.h; path = TestList.hpp; sourceTree = "<group>"; };
		E25DC51D2AA544D10092CC6F /* TestHeap.cpp */ = {isa = PBXFileReference; lastKnownFileType = sourcecode.cpp.cpp; path = TestHeap.cpp; sourceTree = "<group>"; };
		E25DC51E2AA544D10092CC6F /* TestHeap.hpp */ = {isa = PBXFileReference; lastKnownFileType = sourcecode.cpp.h; path = TestHeap.hpp; sourceTree = "<group>"; };
		E25DC5222AA544E30092CC6F /* TestAVLTree.cpp */ = {isa = PBXFileReference; lastKnownFileType = sourcecode.cpp.cpp; path = TestAVLTree.cpp; sourceTree = "<group>"; };
		E25DC5232AA544E30092CC6F /* TestAVLTree.hpp */ = {isa = PBXFileReference; lastKnownFileType = sourcecode.cpp.h; path = TestAVLTree.hpp; sourceTree = "<group>"; };
		E292FD012A9D4C27004CD38E /* heap.hpp */ = {isa = PBXFileReference; lastKnownFileType = sourcecode.cpp.h; path = heap.hpp; sourceTree = "<group>"; };
/* End PBXFileReference section */

/* Begin PBXFrameworksBuildPhase section */
		E24094512A81227100990B3D /* Frameworks */ = {
			isa = PBXFrameworksBuildPhase;
			buildActionMask = 2147483647;
			files = (
			);
			runOnlyForDeploymentPostprocessing = 0;
		};
		E240945F2A8122F200990B3D /* Frameworks */ = {
			isa = PBXFrameworksBuildPhase;
			buildActionMask = 2147483647;
			files = (
				E2C9036E2A83E7B400412C32 /* libdatastructures_cpp.a in Frameworks */,
			);
			runOnlyForDeploymentPostprocessing = 0;
		};
/* End PBXFrameworksBuildPhase section */

/* Begin PBXGroup section */
		E240944A2A81227100990B3D = {
			isa = PBXGroup;
			children = (
				E2C903692A83E55F00412C32 /* src */,
				E2C9036F2A83E91E00412C32 /* test */,
				E24094542A81227100990B3D /* Products */,
				E24094692A81243600990B3D /* Frameworks */,
			);
			sourceTree = "<group>";
		};
		E24094542A81227100990B3D /* Products */ = {
			isa = PBXGroup;
			children = (
				E24094532A81227100990B3D /* libdatastructures_cpp.a */,
				E24094622A8122F200990B3D /* test_datastructures */,
			);
			name = Products;
			sourceTree = "<group>";
		};
		E24094692A81243600990B3D /* Frameworks */ = {
			isa = PBXGroup;
			children = (
			);
			name = Frameworks;
			sourceTree = "<group>";
		};
		E2C903692A83E55F00412C32 /* src */ = {
			isa = PBXGroup;
			children = (
				E24094792A81552D00990B3D /* datastructures.hpp */,
				E251D5032A82F3F700BD8553 /* avl_tree.hpp */,
				E292FD012A9D4C27004CD38E /* heap.hpp */,
				E24094702A814DEA00990B3D /* list.hpp */,
				E240946F2A814DDC00990B3D /* queue.hpp */,
				E240945B2A8122B900990B3D /* stack.hpp */,
			);
			path = src;
			sourceTree = "<group>";
		};
		E2C9036F2A83E91E00412C32 /* test */ = {
			isa = PBXGroup;
			children = (
				E24094642A8122F200990B3D /* main.cpp */,
				E25DC5092AA544790092CC6F /* NumberNode.cpp */,
				E25DC50A2AA544790092CC6F /* NumberNode.hpp */,
				E25DC50E2AA5449A0092CC6F /* TestStack.cpp */,
				E25DC50F2AA5449A0092CC6F /* TestStack.hpp */,
				E25DC5132AA544AE0092CC6F /* TestQueue.cpp */,
				E25DC5142AA544AE0092CC6F /* TestQueue.hpp */,
				E25DC5182AA544C00092CC6F /* TestList.cpp */,
				E25DC5192AA544C00092CC6F /* TestList.hpp */,
				E25DC51D2AA544D10092CC6F /* TestHeap.cpp */,
				E25DC51E2AA544D10092CC6F /* TestHeap.hpp */,
				E25DC5222AA544E30092CC6F /* TestAVLTree.cpp */,
				E25DC5232AA544E30092CC6F /* TestAVLTree.hpp */,
			);
			path = test;
			sourceTree = "<group>";
		};
/* End PBXGroup section */

/* Begin PBXHeadersBuildPhase section */
		E240944F2A81227100990B3D /* Headers */ = {
			isa = PBXHeadersBuildPhase;
			buildActionMask = 2147483647;
			files = (
				E25DC5212AA544D10092CC6F /* TestHeap.hpp in Headers */,
				E25DC51C2AA544C00092CC6F /* TestList.hpp in Headers */,
				E292FD032A9D4C27004CD38E /* heap.hpp in Headers */,
				E251D5052A82F3F700BD8553 /* avl_tree.hpp in Headers */,
				E25DC5262AA544E30092CC6F /* TestAVLTree.hpp in Headers */,
				E25DC5122AA5449A0092CC6F /* TestStack.hpp in Headers */,
				E240945D2A8122B900990B3D /* stack.hpp in Headers */,
				E25DC5172AA544AE0092CC6F /* TestQueue.hpp in Headers */,
				E25DC50D2AA544790092CC6F /* NumberNode.hpp in Headers */,
			);
			runOnlyForDeploymentPostprocessing = 0;
		};
/* End PBXHeadersBuildPhase section */

/* Begin PBXNativeTarget section */
		E24094522A81227100990B3D /* datastructures_cpp */ = {
			isa = PBXNativeTarget;
			buildConfigurationList = E24094572A81227100990B3D /* Build configuration list for PBXNativeTarget "datastructures_cpp" */;
			buildPhases = (
				E240944F2A81227100990B3D /* Headers */,
				E24094502A81227100990B3D /* Sources */,
				E24094512A81227100990B3D /* Frameworks */,
			);
			buildRules = (
			);
			dependencies = (
			);
			name = datastructures_cpp;
			productName = datastructures_cpp;
			productReference = E24094532A81227100990B3D /* libdatastructures_cpp.a */;
			productType = "com.apple.product-type.library.static";
		};
		E24094612A8122F200990B3D /* test_datastructures */ = {
			isa = PBXNativeTarget;
			buildConfigurationList = E24094662A8122F200990B3D /* Build configuration list for PBXNativeTarget "test_datastructures" */;
			buildPhases = (
				E240945E2A8122F200990B3D /* Sources */,
				E240945F2A8122F200990B3D /* Frameworks */,
				E24094602A8122F200990B3D /* CopyFiles */,
			);
			buildRules = (
			);
			dependencies = (
				E2C9036D2A83E7A800412C32 /* PBXTargetDependency */,
			);
			name = test_datastructures;
			productName = datastructures_tests;
			productReference = E24094622A8122F200990B3D /* test_datastructures */;
			productType = "com.apple.product-type.tool";
		};
/* End PBXNativeTarget section */

/* Begin PBXProject section */
		E240944B2A81227100990B3D /* Project object */ = {
			isa = PBXProject;
			attributes = {
				BuildIndependentTargetsInParallel = 1;
				LastUpgradeCheck = 1430;
				TargetAttributes = {
					E24094522A81227100990B3D = {
						CreatedOnToolsVersion = 14.3;
					};
					E24094612A8122F200990B3D = {
						CreatedOnToolsVersion = 14.3;
					};
				};
			};
			buildConfigurationList = E240944E2A81227100990B3D /* Build configuration list for PBXProject "datastructures_cpp" */;
			compatibilityVersion = "Xcode 14.0";
			developmentRegion = en;
			hasScannedForEncodings = 0;
			knownRegions = (
				en,
				Base,
			);
			mainGroup = E240944A2A81227100990B3D;
			productRefGroup = E24094542A81227100990B3D /* Products */;
			projectDirPath = "";
			projectRoot = "";
			targets = (
				E24094522A81227100990B3D /* datastructures_cpp */,
				E24094612A8122F200990B3D /* test_datastructures */,
			);
		};
/* End PBXProject section */

/* Begin PBXSourcesBuildPhase section */
		E24094502A81227100990B3D /* Sources */ = {
			isa = PBXSourcesBuildPhase;
			buildActionMask = 2147483647;
			files = (
				E25DC50B2AA544790092CC6F /* NumberNode.cpp in Sources */,
				E25DC5102AA5449A0092CC6F /* TestStack.cpp in Sources */,
				E2C9036A2A83E60700412C32 /* main.cpp in Sources */,
				E25DC51A2AA544C00092CC6F /* TestList.cpp in Sources */,
				E25DC5242AA544E30092CC6F /* TestAVLTree.cpp in Sources */,
				E25DC5152AA544AE0092CC6F /* TestQueue.cpp in Sources */,
				E25DC51F2AA544D10092CC6F /* TestHeap.cpp in Sources */,
			);
			runOnlyForDeploymentPostprocessing = 0;
		};
		E240945E2A8122F200990B3D /* Sources */ = {
			isa = PBXSourcesBuildPhase;
			buildActionMask = 2147483647;
			files = (
				E25DC50C2AA544790092CC6F /* NumberNode.cpp in Sources */,
				E25DC5112AA5449A0092CC6F /* TestStack.cpp in Sources */,
				E2C9036B2A83E79C00412C32 /* main.cpp in Sources */,
				E25DC51B2AA544C00092CC6F /* TestList.cpp in Sources */,
				E25DC5252AA544E30092CC6F /* TestAVLTree.cpp in Sources */,
				E25DC5162AA544AE0092CC6F /* TestQueue.cpp in Sources */,
				E25DC5202AA544D10092CC6F /* TestHeap.cpp in Sources */,
			);
			runOnlyForDeploymentPostprocessing = 0;
		};
/* End PBXSourcesBuildPhase section */

/* Begin PBXTargetDependency section */
		E2C9036D2A83E7A800412C32 /* PBXTargetDependency */ = {
			isa = PBXTargetDependency;
			target = E24094522A81227100990B3D /* datastructures_cpp */;
			targetProxy = E2C9036C2A83E7A800412C32 /* PBXContainerItemProxy */;
		};
/* End PBXTargetDependency section */

/* Begin XCBuildConfiguration section */
		E24094552A81227100990B3D /* Debug */ = {
			isa = XCBuildConfiguration;
			buildSettings = {
				ALWAYS_SEARCH_USER_PATHS = NO;
				CLANG_ANALYZER_NONNULL = YES;
				CLANG_ANALYZER_NUMBER_OBJECT_CONVERSION = YES_AGGRESSIVE;
				CLANG_CXX_LANGUAGE_STANDARD = "gnu++20";
				CLANG_ENABLE_MODULES = YES;
				CLANG_ENABLE_OBJC_ARC = YES;
				CLANG_ENABLE_OBJC_WEAK = YES;
				CLANG_WARN_BLOCK_CAPTURE_AUTORELEASING = YES;
				CLANG_WARN_BOOL_CONVERSION = YES;
				CLANG_WARN_COMMA = YES;
				CLANG_WARN_CONSTANT_CONVERSION = YES;
				CLANG_WARN_DEPRECATED_OBJC_IMPLEMENTATIONS = YES;
				CLANG_WARN_DIRECT_OBJC_ISA_USAGE = YES_ERROR;
				CLANG_WARN_DOCUMENTATION_COMMENTS = YES;
				CLANG_WARN_EMPTY_BODY = YES;
				CLANG_WARN_ENUM_CONVERSION = YES;
				CLANG_WARN_INFINITE_RECURSION = YES;
				CLANG_WARN_INT_CONVERSION = YES;
				CLANG_WARN_NON_LITERAL_NULL_CONVERSION = YES;
				CLANG_WARN_OBJC_IMPLICIT_RETAIN_SELF = YES;
				CLANG_WARN_OBJC_LITERAL_CONVERSION = YES;
				CLANG_WARN_OBJC_ROOT_CLASS = YES_ERROR;
				CLANG_WARN_QUOTED_INCLUDE_IN_FRAMEWORK_HEADER = YES;
				CLANG_WARN_RANGE_LOOP_ANALYSIS = YES;
				CLANG_WARN_STRICT_PROTOTYPES = YES;
				CLANG_WARN_SUSPICIOUS_MOVE = YES;
				CLANG_WARN_UNGUARDED_AVAILABILITY = YES_AGGRESSIVE;
				CLANG_WARN_UNREACHABLE_CODE = YES;
				CLANG_WARN__DUPLICATE_METHOD_MATCH = YES;
				COPY_PHASE_STRIP = NO;
				DEBUG_INFORMATION_FORMAT = dwarf;
				ENABLE_STRICT_OBJC_MSGSEND = YES;
				ENABLE_TESTABILITY = YES;
				GCC_C_LANGUAGE_STANDARD = gnu11;
				GCC_DYNAMIC_NO_PIC = NO;
				GCC_NO_COMMON_BLOCKS = YES;
				GCC_OPTIMIZATION_LEVEL = 0;
				GCC_PREPROCESSOR_DEFINITIONS = (
					"DEBUG=1",
					"$(inherited)",
				);
				GCC_WARN_64_TO_32_BIT_CONVERSION = YES;
				GCC_WARN_ABOUT_RETURN_TYPE = YES_ERROR;
				GCC_WARN_UNDECLARED_SELECTOR = YES;
				GCC_WARN_UNINITIALIZED_AUTOS = YES_AGGRESSIVE;
				GCC_WARN_UNUSED_FUNCTION = YES;
				GCC_WARN_UNUSED_VARIABLE = YES;
				MACOSX_DEPLOYMENT_TARGET = 10.15;
				MTL_ENABLE_DEBUG_INFO = INCLUDE_SOURCE;
				MTL_FAST_MATH = YES;
				ONLY_ACTIVE_ARCH = YES;
				SDKROOT = macosx;
			};
			name = Debug;
		};
		E24094562A81227100990B3D /* Release */ = {
			isa = XCBuildConfiguration;
			buildSettings = {
				ALWAYS_SEARCH_USER_PATHS = NO;
				CLANG_ANALYZER_NONNULL = YES;
				CLANG_ANALYZER_NUMBER_OBJECT_CONVERSION = YES_AGGRESSIVE;
				CLANG_CXX_LANGUAGE_STANDARD = "gnu++20";
				CLANG_ENABLE_MODULES = YES;
				CLANG_ENABLE_OBJC_ARC = YES;
				CLANG_ENABLE_OBJC_WEAK = YES;
				CLANG_WARN_BLOCK_CAPTURE_AUTORELEASING = YES;
				CLANG_WARN_BOOL_CONVERSION = YES;
				CLANG_WARN_COMMA = YES;
				CLANG_WARN_CONSTANT_CONVERSION = YES;
				CLANG_WARN_DEPRECATED_OBJC_IMPLEMENTATIONS = YES;
				CLANG_WARN_DIRECT_OBJC_ISA_USAGE = YES_ERROR;
				CLANG_WARN_DOCUMENTATION_COMMENTS = YES;
				CLANG_WARN_EMPTY_BODY = YES;
				CLANG_WARN_ENUM_CONVERSION = YES;
				CLANG_WARN_INFINITE_RECURSION = YES;
				CLANG_WARN_INT_CONVERSION = YES;
				CLANG_WARN_NON_LITERAL_NULL_CONVERSION = YES;
				CLANG_WARN_OBJC_IMPLICIT_RETAIN_SELF = YES;
				CLANG_WARN_OBJC_LITERAL_CONVERSION = YES;
				CLANG_WARN_OBJC_ROOT_CLASS = YES_ERROR;
				CLANG_WARN_QUOTED_INCLUDE_IN_FRAMEWORK_HEADER = YES;
				CLANG_WARN_RANGE_LOOP_ANALYSIS = YES;
				CLANG_WARN_STRICT_PROTOTYPES = YES;
				CLANG_WARN_SUSPICIOUS_MOVE = YES;
				CLANG_WARN_UNGUARDED_AVAILABILITY = YES_AGGRESSIVE;
				CLANG_WARN_UNREACHABLE_CODE = YES;
				CLANG_WARN__DUPLICATE_METHOD_MATCH = YES;
				COPY_PHASE_STRIP = NO;
				DEBUG_INFORMATION_FORMAT = "dwarf-with-dsym";
				ENABLE_NS_ASSERTIONS = NO;
				ENABLE_STRICT_OBJC_MSGSEND = YES;
				GCC_C_LANGUAGE_STANDARD = gnu11;
				GCC_NO_COMMON_BLOCKS = YES;
				GCC_WARN_64_TO_32_BIT_CONVERSION = YES;
				GCC_WARN_ABOUT_RETURN_TYPE = YES_ERROR;
				GCC_WARN_UNDECLARED_SELECTOR = YES;
				GCC_WARN_UNINITIALIZED_AUTOS = YES_AGGRESSIVE;
				GCC_WARN_UNUSED_FUNCTION = YES;
				GCC_WARN_UNUSED_VARIABLE = YES;
				MACOSX_DEPLOYMENT_TARGET = 10.15;
				MTL_ENABLE_DEBUG_INFO = NO;
				MTL_FAST_MATH = YES;
				SDKROOT = macosx;
			};
			name = Release;
		};
		E24094582A81227100990B3D /* Debug */ = {
			isa = XCBuildConfiguration;
			buildSettings = {
				CODE_SIGN_STYLE = Automatic;
				DEVELOPMENT_TEAM = MZZYNFT3CX;
				EXECUTABLE_PREFIX = lib;
				PRODUCT_NAME = "$(TARGET_NAME)";
				SKIP_INSTALL = YES;
			};
			name = Debug;
		};
		E24094592A81227100990B3D /* Release */ = {
			isa = XCBuildConfiguration;
			buildSettings = {
				CODE_SIGN_STYLE = Automatic;
				DEVELOPMENT_TEAM = MZZYNFT3CX;
				EXECUTABLE_PREFIX = lib;
				PRODUCT_NAME = "$(TARGET_NAME)";
				SKIP_INSTALL = YES;
			};
			name = Release;
		};
		E24094672A8122F200990B3D /* Debug */ = {
			isa = XCBuildConfiguration;
			buildSettings = {
				CODE_SIGN_STYLE = Automatic;
				DEVELOPMENT_TEAM = MZZYNFT3CX;
				ENABLE_HARDENED_RUNTIME = YES;
				PRODUCT_NAME = "$(TARGET_NAME)";
			};
			name = Debug;
		};
		E24094682A8122F200990B3D /* Release */ = {
			isa = XCBuildConfiguration;
			buildSettings = {
				CODE_SIGN_STYLE = Automatic;
				DEVELOPMENT_TEAM = MZZYNFT3CX;
				ENABLE_HARDENED_RUNTIME = YES;
				PRODUCT_NAME = "$(TARGET_NAME)";
			};
			name = Release;
		};
/* End XCBuildConfiguration section */

/* Begin XCConfigurationList section */
		E240944E2A81227100990B3D /* Build configuration list for PBXProject "datastructures_cpp" */ = {
			isa = XCConfigurationList;
			buildConfigurations = (
				E24094552A81227100990B3D /* Debug */,
				E24094562A81227100990B3D /* Release */,
			);
			defaultConfigurationIsVisible = 0;
			defaultConfigurationName = Release;
		};
		E24094572A81227100990B3D /* Build configuration list for PBXNativeTarget "datastructures_cpp" */ = {
			isa = XCConfigurationList;
			buildConfigurations = (
				E24094582A81227100990B3D /* Debug */,
				E24094592A81227100990B3D /* Release */,
			);
			defaultConfigurationIsVisible = 0;
			defaultConfigurationName = Release;
		};
		E24094662A8122F200990B3D /* Build configuration list for PBXNativeTarget "test_datastructures" */ = {
			isa = XCConfigurationList;
			buildConfigurations = (
				E24094672A8122F200990B3D /* Debug */,
				E24094682A8122F200990B3D /* Release */,
			);
			defaultConfigurationIsVisible = 0;
			defaultConfigurationName = Release;
		};
/* End XCConfigurationList section */
	};
	rootObject = E240944B2A81227100990B3D /* Project object */;
}
